
Microsoft Visual Studio Solution File, Format Version 12.00
# Visual Studio Version 17
VisualStudioVersion = 17.0.31903.59
MinimumVisualStudioVersion = 10.0.40219.1
Project("{2150E333-8FDC-42A3-9474-1A3956D46DE8}") = "src", "src", "{3C914C5F-4FDA-4E44-9B8C-8017743B2A4B}"
EndProject
Project("{FAE04EC0-301F-11D3-BF4B-00C04F79EFBC}") = "TABP.API", "src\TABP.API\TABP.API.csproj", "{E777C900-CFF0-4036-A4CB-433E36CFCFD0}"
EndProject
Project("{FAE04EC0-301F-11D3-BF4B-00C04F79EFBC}") = "TABP.Domain", "src\TABP.Domain\TABP.Domain.csproj", "{C8021466-DA04-4C32-A90F-D5816E148B56}"
EndProject
Project("{FAE04EC0-301F-11D3-BF4B-00C04F79EFBC}") = "TABP.Application", "src\TABP.Application\TABP.Application.csproj", "{3A9C4A7C-6638-4669-B699-C1CA349EB595}"
EndProject
Project("{FAE04EC0-301F-11D3-BF4B-00C04F79EFBC}") = "TABP.Infrastructure", "src\TABP.Infrastructure\TABP.Infrastructure.csproj", "{FB183840-4B90-4EF8-B3FE-AA712B1960E1}"
EndProject
Project("{2150E333-8FDC-42A3-9474-1A3956D46DE8}") = "Tests", "Tests", "{6FB2E232-8F0A-476B-8D62-5D68F89E673F}"
EndProject
Project("{FAE04EC0-301F-11D3-BF4B-00C04F79EFBC}") = "TABP.Domain.Tests", "Tests\TABP.Domain.Tests\TABP.Domain.Tests.csproj", "{2A6BCE00-CB3D-420C-BD25-2AD8BBE7C25E}"
EndProject
Project("{FAE04EC0-301F-11D3-BF4B-00C04F79EFBC}") = "TABP.Application.Tests", "Tests\TABP.Application.Tests\TABP.Application.Tests.csproj", "{DE63A953-25A1-466F-A360-CE41C852B37B}"
EndProject
Project("{FAE04EC0-301F-11D3-BF4B-00C04F79EFBC}") = "TABP.API.IntegrationTests", "Tests\TABP.API.IntegrationTests\TABP.API.IntegrationTests.csproj", "{3EEF4061-21A2-4B0F-8957-371844440F48}"
EndProject
Global
	GlobalSection(SolutionConfigurationPlatforms) = preSolution
		Debug|Any CPU = Debug|Any CPU
		Release|Any CPU = Release|Any CPU
	EndGlobalSection
	GlobalSection(SolutionProperties) = preSolution
		HideSolutionNode = FALSE
	EndGlobalSection
	GlobalSection(ProjectConfigurationPlatforms) = postSolution
		{E777C900-CFF0-4036-A4CB-433E36CFCFD0}.Debug|Any CPU.ActiveCfg = Debug|Any CPU
		{E777C900-CFF0-4036-A4CB-433E36CFCFD0}.Debug|Any CPU.Build.0 = Debug|Any CPU
		{E777C900-CFF0-4036-A4CB-433E36CFCFD0}.Release|Any CPU.ActiveCfg = Release|Any CPU
		{E777C900-CFF0-4036-A4CB-433E36CFCFD0}.Release|Any CPU.Build.0 = Release|Any CPU
		{C8021466-DA04-4C32-A90F-D5816E148B56}.Debug|Any CPU.ActiveCfg = Debug|Any CPU
		{C8021466-DA04-4C32-A90F-D5816E148B56}.Debug|Any CPU.Build.0 = Debug|Any CPU
		{C8021466-DA04-4C32-A90F-D5816E148B56}.Release|Any CPU.ActiveCfg = Release|Any CPU
		{C8021466-DA04-4C32-A90F-D5816E148B56}.Release|Any CPU.Build.0 = Release|Any CPU
		{3A9C4A7C-6638-4669-B699-C1CA349EB595}.Debug|Any CPU.ActiveCfg = Debug|Any CPU
		{3A9C4A7C-6638-4669-B699-C1CA349EB595}.Debug|Any CPU.Build.0 = Debug|Any CPU
		{3A9C4A7C-6638-4669-B699-C1CA349EB595}.Release|Any CPU.ActiveCfg = Release|Any CPU
		{3A9C4A7C-6638-4669-B699-C1CA349EB595}.Release|Any CPU.Build.0 = Release|Any CPU
		{FB183840-4B90-4EF8-B3FE-AA712B1960E1}.Debug|Any CPU.ActiveCfg = Debug|Any CPU
		{FB183840-4B90-4EF8-B3FE-AA712B1960E1}.Debug|Any CPU.Build.0 = Debug|Any CPU
		{FB183840-4B90-4EF8-B3FE-AA712B1960E1}.Release|Any CPU.ActiveCfg = Release|Any CPU
		{FB183840-4B90-4EF8-B3FE-AA712B1960E1}.Release|Any CPU.Build.0 = Release|Any CPU
		{2A6BCE00-CB3D-420C-BD25-2AD8BBE7C25E}.Debug|Any CPU.ActiveCfg = Debug|Any CPU
		{2A6BCE00-CB3D-420C-BD25-2AD8BBE7C25E}.Debug|Any CPU.Build.0 = Debug|Any CPU
		{2A6BCE00-CB3D-420C-BD25-2AD8BBE7C25E}.Release|Any CPU.ActiveCfg = Release|Any CPU
		{2A6BCE00-CB3D-420C-BD25-2AD8BBE7C25E}.Release|Any CPU.Build.0 = Release|Any CPU
		{DE63A953-25A1-466F-A360-CE41C852B37B}.Debug|Any CPU.ActiveCfg = Debug|Any CPU
		{DE63A953-25A1-466F-A360-CE41C852B37B}.Debug|Any CPU.Build.0 = Debug|Any CPU
		{DE63A953-25A1-466F-A360-CE41C852B37B}.Release|Any CPU.ActiveCfg = Release|Any CPU
		{DE63A953-25A1-466F-A360-CE41C852B37B}.Release|Any CPU.Build.0 = Release|Any CPU
		{3EEF4061-21A2-4B0F-8957-371844440F48}.Debug|Any CPU.ActiveCfg = Debug|Any CPU
		{3EEF4061-21A2-4B0F-8957-371844440F48}.Debug|Any CPU.Build.0 = Debug|Any CPU
		{3EEF4061-21A2-4B0F-8957-371844440F48}.Release|Any CPU.ActiveCfg = Release|Any CPU
		{3EEF4061-21A2-4B0F-8957-371844440F48}.Release|Any CPU.Build.0 = Release|Any CPU
	EndGlobalSection
	GlobalSection(NestedProjects) = preSolution
		{E777C900-CFF0-4036-A4CB-433E36CFCFD0} = {3C914C5F-4FDA-4E44-9B8C-8017743B2A4B}
		{C8021466-DA04-4C32-A90F-D5816E148B56} = {3C914C5F-4FDA-4E44-9B8C-8017743B2A4B}
		{3A9C4A7C-6638-4669-B699-C1CA349EB595} = {3C914C5F-4FDA-4E44-9B8C-8017743B2A4B}
		{FB183840-4B90-4EF8-B3FE-AA712B1960E1} = {3C914C5F-4FDA-4E44-9B8C-8017743B2A4B}
		{2A6BCE00-CB3D-420C-BD25-2AD8BBE7C25E} = {6FB2E232-8F0A-476B-8D62-5D68F89E673F}
		{DE63A953-25A1-466F-A360-CE41C852B37B} = {6FB2E232-8F0A-476B-8D62-5D68F89E673F}
		{3EEF4061-21A2-4B0F-8957-371844440F48} = {6FB2E232-8F0A-476B-8D62-5D68F89E673F}
	EndGlobalSection
EndGlobal
